// !$*UTF8*$!
{
	archiveVersion = 1;
	classes = {
	};
	objectVersion = 77;
	objects = {

/* Begin PBXBuildFile section */
		060FE66BA0E797B7B1ECFA6E /* LocalShell.swift in Sources */ = {isa = PBXBuildFile; fileRef = D8EBC3EB6FD1B4896990A940 /* LocalShell.swift */; };
		0AF847BCDF47F814224E0FA8 /* SessionToolOverlayView.swift in Sources */ = {isa = PBXBuildFile; fileRef = D5CB003D316B6FFFAA4385DC /* SessionToolOverlayView.swift */; };
		0B108A04325E375330215A8F /* HomeView.swift in Sources */ = {isa = PBXBuildFile; fileRef = 495DCA72659439056D676B45 /* HomeView.swift */; };
		0EC2179A038ECDE8E22EBF35 /* WorkbenchModels.swift in Sources */ = {isa = PBXBuildFile; fileRef = 55E803F410398610C4BEAD1D /* WorkbenchModels.swift */; };
		0F53BA61A23AFFF70B83773B /* SessionToolDockView.swift in Sources */ = {isa = PBXBuildFile; fileRef = 8D7C11206A070E05D66487CD /* SessionToolDockView.swift */; };
		1062C1837AEDF5F4036823C8 /* QuickTerminal.swift in Sources */ = {isa = PBXBuildFile; fileRef = 57DD037D568D1130F776EA29 /* QuickTerminal.swift */; };
		1F0EFEC8EE51D6233E5C11F1 /* MonitorView.swift in Sources */ = {isa = PBXBuildFile; fileRef = 08F1ADE58D311170A9C63C4E /* MonitorView.swift */; };
		277D07614AF08EA716071858 /* SnippetEditorView.swift in Sources */ = {isa = PBXBuildFile; fileRef = 5E598CB14BB36E079220CE3C /* SnippetEditorView.swift */; };
		2F169B27AC1ECA61187A4C2C /* Sparkle in Frameworks */ = {isa = PBXBuildFile; productRef = C2A8FC0F7C6CFE7D9DDFC83E /* Sparkle */; };
		33335E4F882F977DFA66C647 /* Assets.xcassets in Resources */ = {isa = PBXBuildFile; fileRef = 20936134E6681D18358932B7 /* Assets.xcassets */; };
		3C75AD9AACE50E80C50CFD5B /* TabBarView.swift in Sources */ = {isa = PBXBuildFile; fileRef = F86934760741D5FA928C8E48 /* TabBarView.swift */; };
		3F4D5B977572BFF569200D8B /* SftpDrawerView.swift in Sources */ = {isa = PBXBuildFile; fileRef = D9D6C1C7CC7D66BF18087D85 /* SftpDrawerView.swift */; };
		44470406B6D8FC3478819B3B /* AIChatView.swift in Sources */ = {isa = PBXBuildFile; fileRef = 592ABFA32AB4754E55D7B74E /* AIChatView.swift */; };
		4A6B43D3BD124D0ADF70268A /* nord.orbit-theme in Resources */ = {isa = PBXBuildFile; fileRef = FEF0CBEB3829B9B225431C77 /* nord.orbit-theme */; };
		4E279BC7C85E1D4825D637F6 /* SplitPaneView.swift in Sources */ = {isa = PBXBuildFile; fileRef = 38B9C34EB37FB9C3CAD77FC2 /* SplitPaneView.swift */; };
		51B22655D2C0C0250E5142D8 /* README.md in Resources */ = {isa = PBXBuildFile; fileRef = 94DB15AA26D20B36334209E7 /* README.md */; };
		51ED69E7B6B7C26ABC288A3E /* dark.orbit-theme in Resources */ = {isa = PBXBuildFile; fileRef = E360B425AAB16860239DB977 /* dark.orbit-theme */; };
		5C8E4D6408CF585F21922EE5 /* SftpView.swift in Sources */ = {isa = PBXBuildFile; fileRef = 49216EECC7DFB1EC893159AF /* SftpView.swift */; };
		61576B4162B628D517DD81B5 /* dracula.orbit-theme in Resources */ = {isa = PBXBuildFile; fileRef = 3FADD919EE5ECC5150989E91 /* dracula.orbit-theme */; };
		7178E4ECF3E775E9C777DE1A /* light.orbit-theme in Resources */ = {isa = PBXBuildFile; fileRef = 45A2E5B671212BFF1F59E2FA /* light.orbit-theme */; };
		72C361D522CF5402A1B44AFD /* OpenAIService.swift in Sources */ = {isa = PBXBuildFile; fileRef = 46605F10D644D3CD69AD1B42 /* OpenAIService.swift */; };
		75B1A24DEC1F04242DE77385 /* gruvbox-dark.orbit-theme in Resources */ = {isa = PBXBuildFile; fileRef = 1E6CC1F2F6074726A3E3D401 /* gruvbox-dark.orbit-theme */; };
		82C9249819DBFFB3F70E7F57 /* TerminalView.swift in Sources */ = {isa = PBXBuildFile; fileRef = CCDB2DF85BD7C7D482320C84 /* TerminalView.swift */; };
		873A3B554C2E9B9F43ACDAE0 /* SwiftTerm in Frameworks */ = {isa = PBXBuildFile; productRef = 3E1BDD661D1C0F68B456CE86 /* SwiftTerm */; };
		89A6C1418D76248F48E469F3 /* SettingsWindowController.swift in Sources */ = {isa = PBXBuildFile; fileRef = 608C4CB2CE31E59855408F44 /* SettingsWindowController.swift */; };
		8CC5BD2F7028843A2B71958E /* SftpDrawerState.swift in Sources */ = {isa = PBXBuildFile; fileRef = 1F98C58264A158A314F01DAC /* SftpDrawerState.swift */; };
		958A8F09DD43B7722C3A83E5 /* OrbitConfig.swift in Sources */ = {isa = PBXBuildFile; fileRef = 07692D9E82A9DF921C55B64F /* OrbitConfig.swift */; };
		9864F6FA7399046CFED1A7AB /* KeyBindings.swift in Sources */ = {isa = PBXBuildFile; fileRef = 8E74FB2AAFF9870FD9348423 /* KeyBindings.swift */; };
		9E2B307605E80CF6DDFFEF8E /* TextEditorView.swift in Sources */ = {isa = PBXBuildFile; fileRef = 1A9069511C0713ABE4E1A1F7 /* TextEditorView.swift */; };
		B453DEBCA4D678859B1058AD /* SettingsView.swift in Sources */ = {isa = PBXBuildFile; fileRef = 4E37DA3D4A718D5948DEF3A7 /* SettingsView.swift */; };
		B4660E88F677A56A4AA7258B /* AssetTreeView.swift in Sources */ = {isa = PBXBuildFile; fileRef = AC744DC1B840951E08D4FD43 /* AssetTreeView.swift */; };
		B94BCE8782A000F9C641CAC6 /* OrbitBridge.swift in Sources */ = {isa = PBXBuildFile; fileRef = 5FDB5491F8D4B2E882E5F3D1 /* OrbitBridge.swift */; };
		C7105A3C1958F5D3A894FEA7 /* MainView.swift in Sources */ = {isa = PBXBuildFile; fileRef = 20E9630F023416DA2028BB98 /* MainView.swift */; };
		C75233E8337EB7D1BD0614AE /* CredentialGroupDialog.swift in Sources */ = {isa = PBXBuildFile; fileRef = 0E4D5B5478AA913E96958A1B /* CredentialGroupDialog.swift */; };
		C785EF55D48C3015D138C8FA /* BatchExecutionView.swift in Sources */ = {isa = PBXBuildFile; fileRef = 20EC5568E5E54388434A7EC7 /* BatchExecutionView.swift */; };
		CC2B5B3A1ECCC9504D34B84F /* DatabaseView.swift in Sources */ = {isa = PBXBuildFile; fileRef = 1E3983C4735026A30426864D /* DatabaseView.swift */; };
		CC6551206571FF3F046080C5 /* Models.swift in Sources */ = {isa = PBXBuildFile; fileRef = B24FD058B7D00E7C9D29DA78 /* Models.swift */; };
		CD6B6211AA058507413B987F /* StatusBarView.swift in Sources */ = {isa = PBXBuildFile; fileRef = 0773DA574B3B4BD620488CE0 /* StatusBarView.swift */; };
		CDFDA4DAD128B61524172E2A /* solarized-dark.orbit-theme in Resources */ = {isa = PBXBuildFile; fileRef = C9A251128C8C2F5D900FF058 /* solarized-dark.orbit-theme */; };
		D00A8998B7A668E8CA66B520 /* AppDelegate.swift in Sources */ = {isa = PBXBuildFile; fileRef = E22E05EF10B63C9D1DC5C6B3 /* AppDelegate.swift */; };
		D48895C458D1C1630C41D403 /* tokyo-night.orbit-theme in Resources */ = {isa = PBXBuildFile; fileRef = 5A58E42EA49E82B92FA0F9F1 /* tokyo-night.orbit-theme */; };
		D829F5266DC99154B0EC5E9A /* SpotlightView.swift in Sources */ = {isa = PBXBuildFile; fileRef = 452C79E5111500BF24C41C53 /* SpotlightView.swift */; };
		DA42164DFDE1060B6E3D0158 /* FloatingToolCard.swift in Sources */ = {isa = PBXBuildFile; fileRef = 3A077C2A4F488B4506E01E04 /* FloatingToolCard.swift */; };
		DA915F001718EA75BD8F77AD /* DockerView.swift in Sources */ = {isa = PBXBuildFile; fileRef = 1530B85453C445BFC0E5E860 /* DockerView.swift */; };
		DAE7F6E609EA79B75390ABD6 /* AppState.swift in Sources */ = {isa = PBXBuildFile; fileRef = 64825B472441C790427EFF55 /* AppState.swift */; };
		E9882767636E763FCE2F6E83 /* ServerDialog.swift in Sources */ = {isa = PBXBuildFile; fileRef = E812A16C099009B7BB010371 /* ServerDialog.swift */; };
		EE85C664EE48A8EE1FC69A4E /* catppuccin-mocha.orbit-theme in Resources */ = {isa = PBXBuildFile; fileRef = B60E1CC82880DBEDD60639C0 /* catppuccin-mocha.orbit-theme */; };
		F71C69B4875E03688CF85C57 /* OrbitTerminalView.swift in Sources */ = {isa = PBXBuildFile; fileRef = 3A329973670FE763965019E7 /* OrbitTerminalView.swift */; };
		FE1F71420B0761A4E62AA824 /* OrbitApp.swift in Sources */ = {isa = PBXBuildFile; fileRef = 26EB023126B42D85C78E726C /* OrbitApp.swift */; };
/* End PBXBuildFile section */

/* Begin PBXFileReference section */
		07692D9E82A9DF921C55B64F /* OrbitConfig.swift */ = {isa = PBXFileReference; lastKnownFileType = sourcecode.swift; path = OrbitConfig.swift; sourceTree = "<group>"; };
		0773DA574B3B4BD620488CE0 /* StatusBarView.swift */ = {isa = PBXFileReference; lastKnownFileType = sourcecode.swift; path = StatusBarView.swift; sourceTree = "<group>"; };
		08F1ADE58D311170A9C63C4E /* MonitorView.swift */ = {isa = PBXFileReference; lastKnownFileType = sourcecode.swift; path = MonitorView.swift; sourceTree = "<group>"; };
		0E4D5B5478AA913E96958A1B /* CredentialGroupDialog.swift */ = {isa = PBXFileReference; lastKnownFileType = sourcecode.swift; path = CredentialGroupDialog.swift; sourceTree = "<group>"; };
		1530B85453C445BFC0E5E860 /* DockerView.swift */ = {isa = PBXFileReference; lastKnownFileType = sourcecode.swift; path = DockerView.swift; sourceTree = "<group>"; };
		1A9069511C0713ABE4E1A1F7 /* TextEditorView.swift */ = {isa = PBXFileReference; lastKnownFileType = sourcecode.swift; path = TextEditorView.swift; sourceTree = "<group>"; };
		1E3983C4735026A30426864D /* DatabaseView.swift */ = {isa = PBXFileReference; lastKnownFileType = sourcecode.swift; path = DatabaseView.swift; sourceTree = "<group>"; };
		1E6CC1F2F6074726A3E3D401 /* gruvbox-dark.orbit-theme */ = {isa = PBXFileReference; path = "gruvbox-dark.orbit-theme"; sourceTree = "<group>"; };
		1F98C58264A158A314F01DAC /* SftpDrawerState.swift */ = {isa = PBXFileReference; lastKnownFileType = sourcecode.swift; path = SftpDrawerState.swift; sourceTree = "<group>"; };
		20936134E6681D18358932B7 /* Assets.xcassets */ = {isa = PBXFileReference; lastKnownFileType = folder.assetcatalog; path = Assets.xcassets; sourceTree = "<group>"; };
		20E9630F023416DA2028BB98 /* MainView.swift */ = {isa = PBXFileReference; lastKnownFileType = sourcecode.swift; path = MainView.swift; sourceTree = "<group>"; };
		20EC5568E5E54388434A7EC7 /* BatchExecutionView.swift */ = {isa = PBXFileReference; lastKnownFileType = sourcecode.swift; path = BatchExecutionView.swift; sourceTree = "<group>"; };
		26EB023126B42D85C78E726C /* OrbitApp.swift */ = {isa = PBXFileReference; lastKnownFileType = sourcecode.swift; path = OrbitApp.swift; sourceTree = "<group>"; };
		38B9C34EB37FB9C3CAD77FC2 /* SplitPaneView.swift */ = {isa = PBXFileReference; lastKnownFileType = sourcecode.swift; path = SplitPaneView.swift; sourceTree = "<group>"; };
		3A077C2A4F488B4506E01E04 /* FloatingToolCard.swift */ = {isa = PBXFileReference; lastKnownFileType = sourcecode.swift; path = FloatingToolCard.swift; sourceTree = "<group>"; };
		3A329973670FE763965019E7 /* OrbitTerminalView.swift */ = {isa = PBXFileReference; lastKnownFileType = sourcecode.swift; path = OrbitTerminalView.swift; sourceTree = "<group>"; };
		3FADD919EE5ECC5150989E91 /* dracula.orbit-theme */ = {isa = PBXFileReference; path = "dracula.orbit-theme"; sourceTree = "<group>"; };
		452C79E5111500BF24C41C53 /* SpotlightView.swift */ = {isa = PBXFileReference; lastKnownFileType = sourcecode.swift; path = SpotlightView.swift; sourceTree = "<group>"; };
		45A2E5B671212BFF1F59E2FA /* light.orbit-theme */ = {isa = PBXFileReference; path = "light.orbit-theme"; sourceTree = "<group>"; };
		46605F10D644D3CD69AD1B42 /* OpenAIService.swift */ = {isa = PBXFileReference; lastKnownFileType = sourcecode.swift; path = OpenAIService.swift; sourceTree = "<group>"; };
		49216EECC7DFB1EC893159AF /* SftpView.swift */ = {isa = PBXFileReference; lastKnownFileType = sourcecode.swift; path = SftpView.swift; sourceTree = "<group>"; };
		495DCA72659439056D676B45 /* HomeView.swift */ = {isa = PBXFileReference; lastKnownFileType = sourcecode.swift; path = HomeView.swift; sourceTree = "<group>"; };
		4E37DA3D4A718D5948DEF3A7 /* SettingsView.swift */ = {isa = PBXFileReference; lastKnownFileType = sourcecode.swift; path = SettingsView.swift; sourceTree = "<group>"; };
		55E803F410398610C4BEAD1D /* WorkbenchModels.swift */ = {isa = PBXFileReference; lastKnownFileType = sourcecode.swift; path = WorkbenchModels.swift; sourceTree = "<group>"; };
		57DD037D568D1130F776EA29 /* QuickTerminal.swift */ = {isa = PBXFileReference; lastKnownFileType = sourcecode.swift; path = QuickTerminal.swift; sourceTree = "<group>"; };
		592ABFA32AB4754E55D7B74E /* AIChatView.swift */ = {isa = PBXFileReference; lastKnownFileType = sourcecode.swift; path = AIChatView.swift; sourceTree = "<group>"; };
		5A58E42EA49E82B92FA0F9F1 /* tokyo-night.orbit-theme */ = {isa = PBXFileReference; path = "tokyo-night.orbit-theme"; sourceTree = "<group>"; };
		5E598CB14BB36E079220CE3C /* SnippetEditorView.swift */ = {isa = PBXFileReference; lastKnownFileType = sourcecode.swift; path = SnippetEditorView.swift; sourceTree = "<group>"; };
		5FDB5491F8D4B2E882E5F3D1 /* OrbitBridge.swift */ = {isa = PBXFileReference; lastKnownFileType = sourcecode.swift; path = OrbitBridge.swift; sourceTree = "<group>"; };
		608C4CB2CE31E59855408F44 /* SettingsWindowController.swift */ = {isa = PBXFileReference; lastKnownFileType = sourcecode.swift; path = SettingsWindowController.swift; sourceTree = "<group>"; };
		64825B472441C790427EFF55 /* AppState.swift */ = {isa = PBXFileReference; lastKnownFileType = sourcecode.swift; path = AppState.swift; sourceTree = "<group>"; };
		750B458B02EF6C413A15C484 /* Orbit-Bridging-Header.h */ = {isa = PBXFileReference; lastKnownFileType = sourcecode.c.h; path = "Orbit-Bridging-Header.h"; sourceTree = "<group>"; };
		8D7C11206A070E05D66487CD /* SessionToolDockView.swift */ = {isa = PBXFileReference; lastKnownFileType = sourcecode.swift; path = SessionToolDockView.swift; sourceTree = "<group>"; };
		8E74FB2AAFF9870FD9348423 /* KeyBindings.swift */ = {isa = PBXFileReference; lastKnownFileType = sourcecode.swift; path = KeyBindings.swift; sourceTree = "<group>"; };
		93E43D9E19F5EF7D480B0771 /* Orbit.app */ = {isa = PBXFileReference; explicitFileType = wrapper.application; includeInIndex = 0; path = Orbit.app; sourceTree = BUILT_PRODUCTS_DIR; };
		94DB15AA26D20B36334209E7 /* README.md */ = {isa = PBXFileReference; lastKnownFileType = net.daringfireball.markdown; path = README.md; sourceTree = "<group>"; };
		AA0E97AE18D6AF113D5ECCC8 /* Orbit.entitlements */ = {isa = PBXFileReference; lastKnownFileType = text.plist.entitlements; path = Orbit.entitlements; sourceTree = "<group>"; };
		AC744DC1B840951E08D4FD43 /* AssetTreeView.swift */ = {isa = PBXFileReference; lastKnownFileType = sourcecode.swift; path = AssetTreeView.swift; sourceTree = "<group>"; };
		B24FD058B7D00E7C9D29DA78 /* Models.swift */ = {isa = PBXFileReference; lastKnownFileType = sourcecode.swift; path = Models.swift; sourceTree = "<group>"; };
		B60E1CC82880DBEDD60639C0 /* catppuccin-mocha.orbit-theme */ = {isa = PBXFileReference; path = "catppuccin-mocha.orbit-theme"; sourceTree = "<group>"; };
		C9A251128C8C2F5D900FF058 /* solarized-dark.orbit-theme */ = {isa = PBXFileReference; path = "solarized-dark.orbit-theme"; sourceTree = "<group>"; };
		CCDB2DF85BD7C7D482320C84 /* TerminalView.swift */ = {isa = PBXFileReference; lastKnownFileType = sourcecode.swift; path = TerminalView.swift; sourceTree = "<group>"; };
		D5CB003D316B6FFFAA4385DC /* SessionToolOverlayView.swift */ = {isa = PBXFileReference; lastKnownFileType = sourcecode.swift; path = SessionToolOverlayView.swift; sourceTree = "<group>"; };
		D8EBC3EB6FD1B4896990A940 /* LocalShell.swift */ = {isa = PBXFileReference; lastKnownFileType = sourcecode.swift; path = LocalShell.swift; sourceTree = "<group>"; };
		D9D6C1C7CC7D66BF18087D85 /* SftpDrawerView.swift */ = {isa = PBXFileReference; lastKnownFileType = sourcecode.swift; path = SftpDrawerView.swift; sourceTree = "<group>"; };
		E22E05EF10B63C9D1DC5C6B3 /* AppDelegate.swift */ = {isa = PBXFileReference; lastKnownFileType = sourcecode.swift; path = AppDelegate.swift; sourceTree = "<group>"; };
		E360B425AAB16860239DB977 /* dark.orbit-theme */ = {isa = PBXFileReference; path = "dark.orbit-theme"; sourceTree = "<group>"; };
		E691E1A576C579A627A7BDDF /* Info.plist */ = {isa = PBXFileReference; lastKnownFileType = text.plist; path = Info.plist; sourceTree = "<group>"; };
		E812A16C099009B7BB010371 /* ServerDialog.swift */ = {isa = PBXFileReference; lastKnownFileType = sourcecode.swift; path = ServerDialog.swift; sourceTree = "<group>"; };
		F86934760741D5FA928C8E48 /* TabBarView.swift */ = {isa = PBXFileReference; lastKnownFileType = sourcecode.swift; path = TabBarView.swift; sourceTree = "<group>"; };
		FEF0CBEB3829B9B225431C77 /* nord.orbit-theme */ = {isa = PBXFileReference; path = "nord.orbit-theme"; sourceTree = "<group>"; };
/* End PBXFileReference section */

/* Begin PBXFrameworksBuildPhase section */
		AC23419267EB092E8D8A05AB /* Frameworks */ = {
			isa = PBXFrameworksBuildPhase;
			buildActionMask = 2147483647;
			files = (
				873A3B554C2E9B9F43ACDAE0 /* SwiftTerm in Frameworks */,
				2F169B27AC1ECA61187A4C2C /* Sparkle in Frameworks */,
			);
			runOnlyForDeploymentPostprocessing = 0;
		};
/* End PBXFrameworksBuildPhase section */

/* Begin PBXGroup section */
		00ECA7FF55D55998AD25B1CA /* Orbit */ = {
			isa = PBXGroup;
			children = (
				E22E05EF10B63C9D1DC5C6B3 /* AppDelegate.swift */,
				20936134E6681D18358932B7 /* Assets.xcassets */,
				E691E1A576C579A627A7BDDF /* Info.plist */,
				750B458B02EF6C413A15C484 /* Orbit-Bridging-Header.h */,
				AA0E97AE18D6AF113D5ECCC8 /* Orbit.entitlements */,
				26EB023126B42D85C78E726C /* OrbitApp.swift */,
				5FDB5491F8D4B2E882E5F3D1 /* OrbitBridge.swift */,
				67396201ACDD149AA1629C59 /* Models */,
				3F342511895FDEF0B93F8DE4 /* Themes */,
				826EB45903BA30095516439C /* ViewModels */,
				B084A05731D0221608844C7F /* Views */,
			);
			path = Orbit;
			sourceTree = "<group>";
		};
		3F342511895FDEF0B93F8DE4 /* Themes */ = {
			isa = PBXGroup;
			children = (
				B60E1CC82880DBEDD60639C0 /* catppuccin-mocha.orbit-theme */,
				E360B425AAB16860239DB977 /* dark.orbit-theme */,
				3FADD919EE5ECC5150989E91 /* dracula.orbit-theme */,
				1E6CC1F2F6074726A3E3D401 /* gruvbox-dark.orbit-theme */,
				45A2E5B671212BFF1F59E2FA /* light.orbit-theme */,
				FEF0CBEB3829B9B225431C77 /* nord.orbit-theme */,
				94DB15AA26D20B36334209E7 /* README.md */,
				C9A251128C8C2F5D900FF058 /* solarized-dark.orbit-theme */,
				5A58E42EA49E82B92FA0F9F1 /* tokyo-night.orbit-theme */,
			);
			path = Themes;
			sourceTree = "<group>";
		};
		67396201ACDD149AA1629C59 /* Models */ = {
			isa = PBXGroup;
			children = (
				8E74FB2AAFF9870FD9348423 /* KeyBindings.swift */,
				D8EBC3EB6FD1B4896990A940 /* LocalShell.swift */,
				B24FD058B7D00E7C9D29DA78 /* Models.swift */,
				46605F10D644D3CD69AD1B42 /* OpenAIService.swift */,
				07692D9E82A9DF921C55B64F /* OrbitConfig.swift */,
				55E803F410398610C4BEAD1D /* WorkbenchModels.swift */,
			);
			path = Models;
			sourceTree = "<group>";
		};
		826EB45903BA30095516439C /* ViewModels */ = {
			isa = PBXGroup;
			children = (
				64825B472441C790427EFF55 /* AppState.swift */,
				1F98C58264A158A314F01DAC /* SftpDrawerState.swift */,
			);
			path = ViewModels;
			sourceTree = "<group>";
		};
		B084A05731D0221608844C7F /* Views */ = {
			isa = PBXGroup;
			children = (
				592ABFA32AB4754E55D7B74E /* AIChatView.swift */,
				AC744DC1B840951E08D4FD43 /* AssetTreeView.swift */,
				20EC5568E5E54388434A7EC7 /* BatchExecutionView.swift */,
				0E4D5B5478AA913E96958A1B /* CredentialGroupDialog.swift */,
				1E3983C4735026A30426864D /* DatabaseView.swift */,
				1530B85453C445BFC0E5E860 /* DockerView.swift */,
				3A077C2A4F488B4506E01E04 /* FloatingToolCard.swift */,
				495DCA72659439056D676B45 /* HomeView.swift */,
				20E9630F023416DA2028BB98 /* MainView.swift */,
				08F1ADE58D311170A9C63C4E /* MonitorView.swift */,
				3A329973670FE763965019E7 /* OrbitTerminalView.swift */,
				57DD037D568D1130F776EA29 /* QuickTerminal.swift */,
				E812A16C099009B7BB010371 /* ServerDialog.swift */,
				8D7C11206A070E05D66487CD /* SessionToolDockView.swift */,
				D5CB003D316B6FFFAA4385DC /* SessionToolOverlayView.swift */,
				4E37DA3D4A718D5948DEF3A7 /* SettingsView.swift */,
				608C4CB2CE31E59855408F44 /* SettingsWindowController.swift */,
				D9D6C1C7CC7D66BF18087D85 /* SftpDrawerView.swift */,
				49216EECC7DFB1EC893159AF /* SftpView.swift */,
				5E598CB14BB36E079220CE3C /* SnippetEditorView.swift */,
				38B9C34EB37FB9C3CAD77FC2 /* SplitPaneView.swift */,
				452C79E5111500BF24C41C53 /* SpotlightView.swift */,
				0773DA574B3B4BD620488CE0 /* StatusBarView.swift */,
				F86934760741D5FA928C8E48 /* TabBarView.swift */,
				CCDB2DF85BD7C7D482320C84 /* TerminalView.swift */,
				1A9069511C0713ABE4E1A1F7 /* TextEditorView.swift */,
			);
			path = Views;
			sourceTree = "<group>";
		};
		B307547D1ABD752BE02491B9 /* Products */ = {
			isa = PBXGroup;
			children = (
				93E43D9E19F5EF7D480B0771 /* Orbit.app */,
			);
			name = Products;
			sourceTree = "<group>";
		};
		C5F01767FDAE31EE06DFF523 = {
			isa = PBXGroup;
			children = (
				00ECA7FF55D55998AD25B1CA /* Orbit */,
				B307547D1ABD752BE02491B9 /* Products */,
			);
			sourceTree = "<group>";
		};
/* End PBXGroup section */

/* Begin PBXNativeTarget section */
		B87EF018B641D85E34ED2D32 /* Orbit */ = {
			isa = PBXNativeTarget;
			buildConfigurationList = 1ED43C45F010E6E18A4680AC /* Build configuration list for PBXNativeTarget "Orbit" */;
			buildPhases = (
				1A83EACBC247740EBC0E6135 /* Sources */,
				744EABC5C142532226634E12 /* Resources */,
				AC23419267EB092E8D8A05AB /* Frameworks */,
			);
			buildRules = (
			);
			dependencies = (
			);
			name = Orbit;
			packageProductDependencies = (
				3E1BDD661D1C0F68B456CE86 /* SwiftTerm */,
				C2A8FC0F7C6CFE7D9DDFC83E /* Sparkle */,
			);
			productName = Orbit;
			productReference = 93E43D9E19F5EF7D480B0771 /* Orbit.app */;
			productType = "com.apple.product-type.application";
		};
/* End PBXNativeTarget section */

/* Begin PBXProject section */
		0A57824173AF238C16E5DFDB /* Project object */ = {
			isa = PBXProject;
			attributes = {
				BuildIndependentTargetsInParallel = YES;
				LastUpgradeCheck = 1500;
				TargetAttributes = {
					B87EF018B641D85E34ED2D32 = {
						ProvisioningStyle = Automatic;
					};
				};
			};
			buildConfigurationList = 3B09B19ED5B1850084012594 /* Build configuration list for PBXProject "Orbit" */;
			developmentRegion = en;
			hasScannedForEncodings = 0;
			knownRegions = (
				Base,
				en,
			);
			mainGroup = C5F01767FDAE31EE06DFF523;
			minimizedProjectReferenceProxies = 1;
			packageReferences = (
				D2FAFE15914F3543C362D846 /* XCRemoteSwiftPackageReference "Sparkle" */,
				64BE90261AF065D978C22802 /* XCRemoteSwiftPackageReference "SwiftTerm" */,
			);
			preferredProjectObjectVersion = 77;
			productRefGroup = B307547D1ABD752BE02491B9 /* Products */;
			projectDirPath = "";
			projectRoot = "";
			targets = (
				B87EF018B641D85E34ED2D32 /* Orbit */,
			);
		};
/* End PBXProject section */

/* Begin PBXResourcesBuildPhase section */
		744EABC5C142532226634E12 /* Resources */ = {
			isa = PBXResourcesBuildPhase;
			buildActionMask = 2147483647;
			files = (
				33335E4F882F977DFA66C647 /* Assets.xcassets in Resources */,
				51B22655D2C0C0250E5142D8 /* README.md in Resources */,
				EE85C664EE48A8EE1FC69A4E /* catppuccin-mocha.orbit-theme in Resources */,
				51ED69E7B6B7C26ABC288A3E /* dark.orbit-theme in Resources */,
				61576B4162B628D517DD81B5 /* dracula.orbit-theme in Resources */,
				75B1A24DEC1F04242DE77385 /* gruvbox-dark.orbit-theme in Resources */,
				7178E4ECF3E775E9C777DE1A /* light.orbit-theme in Resources */,
				4A6B43D3BD124D0ADF70268A /* nord.orbit-theme in Resources */,
				CDFDA4DAD128B61524172E2A /* solarized-dark.orbit-theme in Resources */,
				D48895C458D1C1630C41D403 /* tokyo-night.orbit-theme in Resources */,
			);
			runOnlyForDeploymentPostprocessing = 0;
		};
/* End PBXResourcesBuildPhase section */

/* Begin PBXSourcesBuildPhase section */
		1A83EACBC247740EBC0E6135 /* Sources */ = {
			isa = PBXSourcesBuildPhase;
			buildActionMask = 2147483647;
			files = (
				44470406B6D8FC3478819B3B /* AIChatView.swift in Sources */,
				D00A8998B7A668E8CA66B520 /* AppDelegate.swift in Sources */,
				DAE7F6E609EA79B75390ABD6 /* AppState.swift in Sources */,
				B4660E88F677A56A4AA7258B /* AssetTreeView.swift in Sources */,
				C785EF55D48C3015D138C8FA /* BatchExecutionView.swift in Sources */,
				C75233E8337EB7D1BD0614AE /* CredentialGroupDialog.swift in Sources */,
				CC2B5B3A1ECCC9504D34B84F /* DatabaseView.swift in Sources */,
				DA915F001718EA75BD8F77AD /* DockerView.swift in Sources */,
				DA42164DFDE1060B6E3D0158 /* FloatingToolCard.swift in Sources */,
				0B108A04325E375330215A8F /* HomeView.swift in Sources */,
				9864F6FA7399046CFED1A7AB /* KeyBindings.swift in Sources */,
				060FE66BA0E797B7B1ECFA6E /* LocalShell.swift in Sources */,
				C7105A3C1958F5D3A894FEA7 /* MainView.swift in Sources */,
				CC6551206571FF3F046080C5 /* Models.swift in Sources */,
				1F0EFEC8EE51D6233E5C11F1 /* MonitorView.swift in Sources */,
				72C361D522CF5402A1B44AFD /* OpenAIService.swift in Sources */,
				FE1F71420B0761A4E62AA824 /* OrbitApp.swift in Sources */,
				B94BCE8782A000F9C641CAC6 /* OrbitBridge.swift in Sources */,
				958A8F09DD43B7722C3A83E5 /* OrbitConfig.swift in Sources */,
				F71C69B4875E03688CF85C57 /* OrbitTerminalView.swift in Sources */,
				1062C1837AEDF5F4036823C8 /* QuickTerminal.swift in Sources */,
				E9882767636E763FCE2F6E83 /* ServerDialog.swift in Sources */,
				0F53BA61A23AFFF70B83773B /* SessionToolDockView.swift in Sources */,
				0AF847BCDF47F814224E0FA8 /* SessionToolOverlayView.swift in Sources */,
				B453DEBCA4D678859B1058AD /* SettingsView.swift in Sources */,
				89A6C1418D76248F48E469F3 /* SettingsWindowController.swift in Sources */,
				8CC5BD2F7028843A2B71958E /* SftpDrawerState.swift in Sources */,
				3F4D5B977572BFF569200D8B /* SftpDrawerView.swift in Sources */,
				5C8E4D6408CF585F21922EE5 /* SftpView.swift in Sources */,
				277D07614AF08EA716071858 /* SnippetEditorView.swift in Sources */,
				4E279BC7C85E1D4825D637F6 /* SplitPaneView.swift in Sources */,
				D829F5266DC99154B0EC5E9A /* SpotlightView.swift in Sources */,
				CD6B6211AA058507413B987F /* StatusBarView.swift in Sources */,
				3C75AD9AACE50E80C50CFD5B /* TabBarView.swift in Sources */,
				82C9249819DBFFB3F70E7F57 /* TerminalView.swift in Sources */,
				9E2B307605E80CF6DDFFEF8E /* TextEditorView.swift in Sources */,
				0EC2179A038ECDE8E22EBF35 /* WorkbenchModels.swift in Sources */,
			);
			runOnlyForDeploymentPostprocessing = 0;
		};
/* End PBXSourcesBuildPhase section */

/* Begin XCBuildConfiguration section */
		1C3F5A8A5772DFD0CD0785E5 /* Release */ = {
			isa = XCBuildConfiguration;
			buildSettings = {
				ARCHS = (
					arm64,
				);
				ASSETCATALOG_COMPILER_APPICON_NAME = AppIcon;
				ASSETCATALOG_COMPILER_GLOBAL_ACCENT_COLOR_NAME = AccentColor;
				CODE_SIGN_IDENTITY = "-";
				CODE_SIGN_STYLE = Automatic;
				COMBINE_HIDPI_IMAGES = YES;
				CURRENT_PROJECT_VERSION = 5;
				ENABLE_BITCODE = NO;
				HEADER_SEARCH_PATHS = (
					"$(PROJECT_DIR)/../orbit-rs/include",
				);
				INFOPLIST_FILE = Orbit/Info.plist;
				LD_RUNPATH_SEARCH_PATHS = (
					"$(inherited)",
					"@executable_path/../Frameworks",
				);
				MARKETING_VERSION = 0.0.5;
				ONLY_ACTIVE_ARCH = YES;
				OTHER_LDFLAGS = (
					"$(PROJECT_DIR)/../orbit-rs/target/apple-silicon-apple-darwin/release/liborbit_core.a",
					"$(PROJECT_DIR)/../orbit-rs/target/apple-silicon-apple-darwin/release/libsqlite3.a",
					"$(PROJECT_DIR)/../orbit-rs/target/apple-silicon-apple-darwin/release/libssh2.a",
					"$(PROJECT_DIR)/../orbit-rs/target/apple-silicon-apple-darwin/release/libssl.a",
					"$(PROJECT_DIR)/../orbit-rs/target/apple-silicon-apple-darwin/release/libcrypto.a",
					"-lz",
					"-liconv",
					"-framework",
					Security,
					"-framework",
					SystemConfiguration,
				);
				OTHER_SWIFT_FLAGS = (
					"-Xcc",
					"-Wno-everything",
				);
				PRODUCT_BUNDLE_IDENTIFIER = com.orbit.terminal;
				PRODUCT_NAME = Orbit;
				SDKROOT = macosx;
				SWIFT_OBJC_BRIDGING_HEADER = "Orbit/Orbit-Bridging-Header.h";
			};
			name = Release;
		};
		58C4C1DF9D487759A4FB7D08 /* Release */ = {
			isa = XCBuildConfiguration;
			buildSettings = {
				ALWAYS_SEARCH_USER_PATHS = NO;
				CLANG_ANALYZER_NONNULL = YES;
				CLANG_ANALYZER_NUMBER_OBJECT_CONVERSION = YES_AGGRESSIVE;
				CLANG_CXX_LANGUAGE_STANDARD = "gnu++14";
				CLANG_CXX_LIBRARY = "libc++";
				CLANG_ENABLE_MODULES = YES;
				CLANG_ENABLE_OBJC_ARC = YES;
				CLANG_ENABLE_OBJC_WEAK = YES;
				CLANG_WARN_BLOCK_CAPTURE_AUTORELEASING = YES;
				CLANG_WARN_BOOL_CONVERSION = YES;
				CLANG_WARN_COMMA = YES;
				CLANG_WARN_CONSTANT_CONVERSION = YES;
				CLANG_WARN_DEPRECATED_OBJC_IMPLEMENTATIONS = YES;
				CLANG_WARN_DIRECT_OBJC_ISA_USAGE = YES_ERROR;
				CLANG_WARN_DOCUMENTATION_COMMENTS = YES;
				CLANG_WARN_EMPTY_BODY = YES;
				CLANG_WARN_ENUM_CONVERSION = YES;
				CLANG_WARN_INFINITE_RECURSION = YES;
				CLANG_WARN_INT_CONVERSION = YES;
				CLANG_WARN_NON_LITERAL_NULL_CONVERSION = YES;
				CLANG_WARN_OBJC_IMPLICIT_RETAIN_SELF = YES;
				CLANG_WARN_OBJC_LITERAL_CONVERSION = YES;
				CLANG_WARN_OBJC_ROOT_CLASS = YES_ERROR;
				CLANG_WARN_QUOTED_INCLUDE_IN_FRAMEWORK_HEADER = YES;
				CLANG_WARN_RANGE_LOOP_ANALYSIS = YES;
				CLANG_WARN_STRICT_PROTOTYPES = YES;
				CLANG_WARN_SUSPICIOUS_MOVE = YES;
				CLANG_WARN_UNGUARDED_AVAILABILITY = YES_AGGRESSIVE;
				CLANG_WARN_UNREACHABLE_CODE = YES;
				CLANG_WARN__DUPLICATE_METHOD_MATCH = YES;
				COPY_PHASE_STRIP = NO;
				DEBUG_INFORMATION_FORMAT = "dwarf-with-dsym";
				ENABLE_NS_ASSERTIONS = NO;
				ENABLE_STRICT_OBJC_MSGSEND = YES;
				GCC_C_LANGUAGE_STANDARD = gnu11;
				GCC_NO_COMMON_BLOCKS = YES;
				GCC_WARN_64_TO_32_BIT_CONVERSION = YES;
				GCC_WARN_ABOUT_RETURN_TYPE = YES_ERROR;
				GCC_WARN_UNDECLARED_SELECTOR = YES;
				GCC_WARN_UNINITIALIZED_AUTOS = YES_AGGRESSIVE;
				GCC_WARN_UNUSED_FUNCTION = YES;
				GCC_WARN_UNUSED_VARIABLE = YES;
				MACOSX_DEPLOYMENT_TARGET = 13.0;
				MTL_ENABLE_DEBUG_INFO = NO;
				MTL_FAST_MATH = YES;
				PRODUCT_NAME = "$(TARGET_NAME)";
				SDKROOT = macosx;
				SWIFT_COMPILATION_MODE = wholemodule;
				SWIFT_OPTIMIZATION_LEVEL = "-O";
				SWIFT_VERSION = 5.9;
			};
			name = Release;
		};
		73F0DFF75D6E8A438E59D6FA /* Debug */ = {
			isa = XCBuildConfiguration;
			buildSettings = {
				ASSETCATALOG_COMPILER_APPICON_NAME = AppIcon;
				ASSETCATALOG_COMPILER_GLOBAL_ACCENT_COLOR_NAME = AccentColor;
				CODE_SIGN_IDENTITY = "-";
				CODE_SIGN_STYLE = Automatic;
				COMBINE_HIDPI_IMAGES = YES;
				CURRENT_PROJECT_VERSION = 5;
				ENABLE_BITCODE = NO;
				HEADER_SEARCH_PATHS = (
					"$(PROJECT_DIR)/../orbit-rs/include",
				);
				INFOPLIST_FILE = Orbit/Info.plist;
				LD_RUNPATH_SEARCH_PATHS = (
					"$(inherited)",
					"@executable_path/../Frameworks",
				);
				MARKETING_VERSION = 0.0.5;
				ONLY_ACTIVE_ARCH = YES;
				OTHER_LDFLAGS = (
					"$(PROJECT_DIR)/../orbit-rs/target/apple-silicon-apple-darwin/release/liborbit_core.a",
					"$(PROJECT_DIR)/../orbit-rs/target/apple-silicon-apple-darwin/release/libsqlite3.a",
					"$(PROJECT_DIR)/../orbit-rs/target/apple-silicon-apple-darwin/release/libssh2.a",
					"$(PROJECT_DIR)/../orbit-rs/target/apple-silicon-apple-darwin/release/libssl.a",
					"$(PROJECT_DIR)/../orbit-rs/target/apple-silicon-apple-darwin/release/libcrypto.a",
					"-lz",
					"-liconv",
					"-framework",
					Security,
					"-framework",
					SystemConfiguration,
				);
				OTHER_SWIFT_FLAGS = (
					"-Xcc",
					"-Wno-everything",
				);
				PRODUCT_BUNDLE_IDENTIFIER = com.orbit.terminal;
				PRODUCT_NAME = Orbit;
				SDKROOT = macosx;
				SWIFT_OBJC_BRIDGING_HEADER = "Orbit/Orbit-Bridging-Header.h";
			};
			name = Debug;
		};
		FBFF5D8A6298BD9025349208 /* Debug */ = {
			isa = XCBuildConfiguration;
			buildSettings = {
				ALWAYS_SEARCH_USER_PATHS = NO;
				CLANG_ANALYZER_NONNULL = YES;
				CLANG_ANALYZER_NUMBER_OBJECT_CONVERSION = YES_AGGRESSIVE;
				CLANG_CXX_LANGUAGE_STANDARD = "gnu++14";
				CLANG_CXX_LIBRARY = "libc++";
				CLANG_ENABLE_MODULES = YES;
				CLANG_ENABLE_OBJC_ARC = YES;
				CLANG_ENABLE_OBJC_WEAK = YES;
				CLANG_WARN_BLOCK_CAPTURE_AUTORELEASING = YES;
				CLANG_WARN_BOOL_CONVERSION = YES;
				CLANG_WARN_COMMA = YES;
				CLANG_WARN_CONSTANT_CONVERSION = YES;
				CLANG_WARN_DEPRECATED_OBJC_IMPLEMENTATIONS = YES;
				CLANG_WARN_DIRECT_OBJC_ISA_USAGE = YES_ERROR;
				CLANG_WARN_DOCUMENTATION_COMMENTS = YES;
				CLANG_WARN_EMPTY_BODY = YES;
				CLANG_WARN_ENUM_CONVERSION = YES;
				CLANG_WARN_INFINITE_RECURSION = YES;
				CLANG_WARN_INT_CONVERSION = YES;
				CLANG_WARN_NON_LITERAL_NULL_CONVERSION = YES;
				CLANG_WARN_OBJC_IMPLICIT_RETAIN_SELF = YES;
				CLANG_WARN_OBJC_LITERAL_CONVERSION = YES;
				CLANG_WARN_OBJC_ROOT_CLASS = YES_ERROR;
				CLANG_WARN_QUOTED_INCLUDE_IN_FRAMEWORK_HEADER = YES;
				CLANG_WARN_RANGE_LOOP_ANALYSIS = YES;
				CLANG_WARN_STRICT_PROTOTYPES = YES;
				CLANG_WARN_SUSPICIOUS_MOVE = YES;
				CLANG_WARN_UNGUARDED_AVAILABILITY = YES_AGGRESSIVE;
				CLANG_WARN_UNREACHABLE_CODE = YES;
				CLANG_WARN__DUPLICATE_METHOD_MATCH = YES;
				COPY_PHASE_STRIP = NO;
				DEBUG_INFORMATION_FORMAT = dwarf;
				ENABLE_STRICT_OBJC_MSGSEND = YES;
				ENABLE_TESTABILITY = YES;
				GCC_C_LANGUAGE_STANDARD = gnu11;
				GCC_DYNAMIC_NO_PIC = NO;
				GCC_NO_COMMON_BLOCKS = YES;
				GCC_OPTIMIZATION_LEVEL = 0;
				GCC_PREPROCESSOR_DEFINITIONS = (
					"$(inherited)",
					"DEBUG=1",
				);
				GCC_WARN_64_TO_32_BIT_CONVERSION = YES;
				GCC_WARN_ABOUT_RETURN_TYPE = YES_ERROR;
				GCC_WARN_UNDECLARED_SELECTOR = YES;
				GCC_WARN_UNINITIALIZED_AUTOS = YES_AGGRESSIVE;
				GCC_WARN_UNUSED_FUNCTION = YES;
				GCC_WARN_UNUSED_VARIABLE = YES;
				MACOSX_DEPLOYMENT_TARGET = 13.0;
				MTL_ENABLE_DEBUG_INFO = INCLUDE_SOURCE;
				MTL_FAST_MATH = YES;
				ONLY_ACTIVE_ARCH = YES;
				PRODUCT_NAME = "$(TARGET_NAME)";
				SDKROOT = macosx;
				SWIFT_ACTIVE_COMPILATION_CONDITIONS = DEBUG;
				SWIFT_OPTIMIZATION_LEVEL = "-Onone";
				SWIFT_VERSION = 5.9;
			};
			name = Debug;
		};
/* End XCBuildConfiguration section */

/* Begin XCConfigurationList section */
		1ED43C45F010E6E18A4680AC /* Build configuration list for PBXNativeTarget "Orbit" */ = {
			isa = XCConfigurationList;
			buildConfigurations = (
				73F0DFF75D6E8A438E59D6FA /* Debug */,
				1C3F5A8A5772DFD0CD0785E5 /* Release */,
			);
			defaultConfigurationIsVisible = 0;
			defaultConfigurationName = Debug;
		};
		3B09B19ED5B1850084012594 /* Build configuration list for PBXProject "Orbit" */ = {
			isa = XCConfigurationList;
			buildConfigurations = (
				FBFF5D8A6298BD9025349208 /* Debug */,
				58C4C1DF9D487759A4FB7D08 /* Release */,
			);
			defaultConfigurationIsVisible = 0;
			defaultConfigurationName = Debug;
		};
/* End XCConfigurationList section */

/* Begin XCRemoteSwiftPackageReference section */
		64BE90261AF065D978C22802 /* XCRemoteSwiftPackageReference "SwiftTerm" */ = {
			isa = XCRemoteSwiftPackageReference;
			repositoryURL = "https://github.com/migueldeicaza/SwiftTerm";
			requirement = {
				kind = upToNextMajorVersion;
				minimumVersion = 1.13.0;
			};
		};
		D2FAFE15914F3543C362D846 /* XCRemoteSwiftPackageReference "Sparkle" */ = {
			isa = XCRemoteSwiftPackageReference;
			repositoryURL = "https://github.com/sparkle-project/Sparkle";
			requirement = {
				kind = exactVersion;
				version = 2.9.3;
			};
		};
/* End XCRemoteSwiftPackageReference section */

/* Begin XCSwiftPackageProductDependency section */
		3E1BDD661D1C0F68B456CE86 /* SwiftTerm */ = {
			isa = XCSwiftPackageProductDependency;
			package = 64BE90261AF065D978C22802 /* XCRemoteSwiftPackageReference "SwiftTerm" */;
			productName = SwiftTerm;
		};
		C2A8FC0F7C6CFE7D9DDFC83E /* Sparkle */ = {
			isa = XCSwiftPackageProductDependency;
			package = D2FAFE15914F3543C362D846 /* XCRemoteSwiftPackageReference "Sparkle" */;
			productName = Sparkle;
		};
/* End XCSwiftPackageProductDependency section */
	};
	rootObject = 0A57824173AF238C16E5DFDB /* Project object */;
}
